// !$*UTF8*$!
{
	archiveVersion = 1;
	classes = {
	};
	objectVersion = 46;
	objects = {

/* Begin PBXBuildFile section */
		5E89A73D023ADB363D19968D /* Pods_VSWeiboCircle.framework in Frameworks */ = {isa = PBXBuildFile; fileRef = DC88687CC8CF01E0BEBBCD52 /* Pods_VSWeiboCircle.framework */; };
		F43A1E271E07ACAD005035F7 /* FindEmoticon.swift in Sources */ = {isa = PBXBuildFile; fileRef = F43A1E261E07ACAD005035F7 /* FindEmoticon.swift */; };
		F43A1E2A1E07C9D3005035F7 /* PhotoBrowserController.swift in Sources */ = {isa = PBXBuildFile; fileRef = F43A1E291E07C9D3005035F7 /* PhotoBrowserController.swift */; };
		F440105E1DF6B57500028357 /* PopoverViewController.swift in Sources */ = {isa = PBXBuildFile; fileRef = F440105C1DF6B57500028357 /* PopoverViewController.swift */; };
		F440105F1DF6B57500028357 /* PopoverViewController.xib in Resources */ = {isa = PBXBuildFile; fileRef = F440105D1DF6B57500028357 /* PopoverViewController.xib */; };
		F44010611DF79C9500028357 /* VSPresentController.swift in Sources */ = {isa = PBXBuildFile; fileRef = F44010601DF79C9500028357 /* VSPresentController.swift */; };
		F44010631DF7B94500028357 /* PopoverAnimator.swift in Sources */ = {isa = PBXBuildFile; fileRef = F44010621DF7B94500028357 /* PopoverAnimator.swift */; };
		F44010651DF7EEF800028357 /* VSNetworkTools.swift in Sources */ = {isa = PBXBuildFile; fileRef = F44010641DF7EEF800028357 /* VSNetworkTools.swift */; };
		F44010691DF816E900028357 /* OAuthViewController.swift in Sources */ = {isa = PBXBuildFile; fileRef = F44010671DF816E900028357 /* OAuthViewController.swift */; };
		F440106A1DF816E900028357 /* OAuthViewController.xib in Resources */ = {isa = PBXBuildFile; fileRef = F44010681DF816E900028357 /* OAuthViewController.xib */; };
		F440106C1DF9431A00028357 /* Common.swift in Sources */ = {isa = PBXBuildFile; fileRef = F440106B1DF9431A00028357 /* Common.swift */; };
		F440106E1DF94CE100028357 /* UserAccount.swift in Sources */ = {isa = PBXBuildFile; fileRef = F440106D1DF94CE100028357 /* UserAccount.swift */; };
		F44010701DFA5A0D00028357 /* UserAccountViewModel.swift in Sources */ = {isa = PBXBuildFile; fileRef = F440106F1DFA5A0D00028357 /* UserAccountViewModel.swift */; };
		F44010741DFAA7A400028357 /* WelcomeViewController.swift in Sources */ = {isa = PBXBuildFile; fileRef = F44010721DFAA7A400028357 /* WelcomeViewController.swift */; };
		F44010751DFAA7A400028357 /* WelcomeViewController.xib in Resources */ = {isa = PBXBuildFile; fileRef = F44010731DFAA7A400028357 /* WelcomeViewController.xib */; };
		F44010781DFBEA7100028357 /* Status.swift in Sources */ = {isa = PBXBuildFile; fileRef = F44010771DFBEA7100028357 /* Status.swift */; };
		F440107A1DFCF67000028357 /* NSData+Extension.swift in Sources */ = {isa = PBXBuildFile; fileRef = F44010791DFCF67000028357 /* NSData+Extension.swift */; };
		F440107C1DFD225200028357 /* User.swift in Sources */ = {isa = PBXBuildFile; fileRef = F440107B1DFD225200028357 /* User.swift */; };
		F440107E1DFD27CF00028357 /* StatusViewModel.swift in Sources */ = {isa = PBXBuildFile; fileRef = F440107D1DFD27CF00028357 /* StatusViewModel.swift */; };
		F44010801DFD336300028357 /* HomeCell.swift in Sources */ = {isa = PBXBuildFile; fileRef = F440107F1DFD336300028357 /* HomeCell.swift */; };
		F440108D1DFE4BD900028357 /* PicCollectionView.swift in Sources */ = {isa = PBXBuildFile; fileRef = F440108C1DFE4BD900028357 /* PicCollectionView.swift */; };
		F44010971E00E1F300028357 /* ComposeViewController.swift in Sources */ = {isa = PBXBuildFile; fileRef = F44010951E00E1F300028357 /* ComposeViewController.swift */; };
		F44010981E00E1F300028357 /* ComposeViewController.xib in Resources */ = {isa = PBXBuildFile; fileRef = F44010961E00E1F300028357 /* ComposeViewController.xib */; };
		F440109A1E00E94100028357 /* ComposeTitleView.swift in Sources */ = {isa = PBXBuildFile; fileRef = F44010991E00E94100028357 /* ComposeTitleView.swift */; };
		F440109C1E00EDA000028357 /* ComposeTextView.swift in Sources */ = {isa = PBXBuildFile; fileRef = F440109B1E00EDA000028357 /* ComposeTextView.swift */; };
		F440109F1E012F1E00028357 /* PicPickerCollectionView.swift in Sources */ = {isa = PBXBuildFile; fileRef = F440109E1E012F1E00028357 /* PicPickerCollectionView.swift */; };
		F44010A31E0150A000028357 /* PickerViewCell.swift in Sources */ = {isa = PBXBuildFile; fileRef = F44010A11E0150A000028357 /* PickerViewCell.swift */; };
		F44010A41E0150A000028357 /* PickerViewCell.xib in Resources */ = {isa = PBXBuildFile; fileRef = F44010A21E0150A000028357 /* PickerViewCell.xib */; };
		F452B9871E03980F004E3C7E /* EmioticonViewCell.swift in Sources */ = {isa = PBXBuildFile; fileRef = F452B9861E03980F004E3C7E /* EmioticonViewCell.swift */; };
		F452B9891E0668F3004E3C7E /* UITextView+Extension.swift in Sources */ = {isa = PBXBuildFile; fileRef = F452B9881E0668F3004E3C7E /* UITextView+Extension.swift */; };
		F47585C41DF15BAA008F084D /* AppDelegate.swift in Sources */ = {isa = PBXBuildFile; fileRef = F47585C31DF15BAA008F084D /* AppDelegate.swift */; };
		F47585C91DF15BAA008F084D /* Main.storyboard in Resources */ = {isa = PBXBuildFile; fileRef = F47585C71DF15BAA008F084D /* Main.storyboard */; };
		F47585CB1DF15BAA008F084D /* Assets.xcassets in Resources */ = {isa = PBXBuildFile; fileRef = F47585CA1DF15BAA008F084D /* Assets.xcassets */; };
		F47585CE1DF15BAA008F084D /* LaunchScreen.storyboard in Resources */ = {isa = PBXBuildFile; fileRef = F47585CC1DF15BAA008F084D /* LaunchScreen.storyboard */; };
		F47585DC1DF161BB008F084D /* MainTabBarController.swift in Sources */ = {isa = PBXBuildFile; fileRef = F47585DB1DF161BB008F084D /* MainTabBarController.swift */; };
		F47585DE1DF162AD008F084D /* HomeViewController.swift in Sources */ = {isa = PBXBuildFile; fileRef = F47585DD1DF162AD008F084D /* HomeViewController.swift */; };
		F47585E01DF162C2008F084D /* MessageViewController.swift in Sources */ = {isa = PBXBuildFile; fileRef = F47585DF1DF162C2008F084D /* MessageViewController.swift */; };
		F47585E21DF162D2008F084D /* DiscoverViewController.swift in Sources */ = {isa = PBXBuildFile; fileRef = F47585E11DF162D2008F084D /* DiscoverViewController.swift */; };
		F47585E61DF2A189008F084D /* MainVCSettings.json in Resources */ = {isa = PBXBuildFile; fileRef = F47585E51DF2A189008F084D /* MainVCSettings.json */; };
		F47585FD1DF53BC4008F084D /* Message.storyboard in Resources */ = {isa = PBXBuildFile; fileRef = F47585FF1DF53BC4008F084D /* Message.storyboard */; };
		F47586091DF53EDF008F084D /* Home.storyboard in Resources */ = {isa = PBXBuildFile; fileRef = F475860B1DF53EDF008F084D /* Home.storyboard */; };
		F475860C1DF53EE5008F084D /* Addition.storyboard in Resources */ = {isa = PBXBuildFile; fileRef = F475860E1DF53EE5008F084D /* Addition.storyboard */; };
		F47586121DF53F46008F084D /* Discover.storyboard in Resources */ = {isa = PBXBuildFile; fileRef = F47586141DF53F46008F084D /* Discover.storyboard */; };
		F475861D1DF54A19008F084D /* UIButton+Extension.swift in Sources */ = {isa = PBXBuildFile; fileRef = F475861C1DF54A19008F084D /* UIButton+Extension.swift */; };
		F475862C1DF59FF8008F084D /* BaseViewController.swift in Sources */ = {isa = PBXBuildFile; fileRef = F475862B1DF59FF8008F084D /* BaseViewController.swift */; };
		F475862E1DF5A17E008F084D /* VisitorView.swift in Sources */ = {isa = PBXBuildFile; fileRef = F475862D1DF5A17E008F084D /* VisitorView.swift */; };
		F47586301DF5A191008F084D /* VisitorView.xib in Resources */ = {isa = PBXBuildFile; fileRef = F475862F1DF5A191008F084D /* VisitorView.xib */; };
		F475863B1DF5AA3E008F084D /* Profile.storyboard in Resources */ = {isa = PBXBuildFile; fileRef = F475863A1DF5AA3E008F084D /* Profile.storyboard */; };
		F475863D1DF5AAA2008F084D /* ProfileViewController.swift in Sources */ = {isa = PBXBuildFile; fileRef = F475863C1DF5AAA2008F084D /* ProfileViewController.swift */; };
		F475863F1DF65E97008F084D /* UIBarButtonItem+Extension.swift in Sources */ = {isa = PBXBuildFile; fileRef = F475863E1DF65E97008F084D /* UIBarButtonItem+Extension.swift */; };
		F47586411DF66AD1008F084D /* TitleButton.swift in Sources */ = {isa = PBXBuildFile; fileRef = F47586401DF66AD1008F084D /* TitleButton.swift */; };
		F482ADB51E07D4E800613430 /* PhotoBrowserViewCell.swift in Sources */ = {isa = PBXBuildFile; fileRef = F482ADB41E07D4E800613430 /* PhotoBrowserViewCell.swift */; };
		F4A280861E03825B00F60443 /* Emoticons.bundle in Resources */ = {isa = PBXBuildFile; fileRef = F4A280851E03825B00F60443 /* Emoticons.bundle */; };
		F4A280891E03835600F60443 /* EmoticonManager.swift in Sources */ = {isa = PBXBuildFile; fileRef = F4A280881E03835600F60443 /* EmoticonManager.swift */; };
		F4A2808B1E03839200F60443 /* EmoticonPackage.swift in Sources */ = {isa = PBXBuildFile; fileRef = F4A2808A1E03839200F60443 /* EmoticonPackage.swift */; };
		F4A2808D1E0383AC00F60443 /* Emoticon.swift in Sources */ = {isa = PBXBuildFile; fileRef = F4A2808C1E0383AC00F60443 /* Emoticon.swift */; };
		F4D2C5E21E028D4200412A95 /* EmoticonController.swift in Sources */ = {isa = PBXBuildFile; fileRef = F4D2C5E11E028D4200412A95 /* EmoticonController.swift */; };
		F4DC4F881E07E0EA0067F04A /* ProgressView.swift in Sources */ = {isa = PBXBuildFile; fileRef = F4DC4F871E07E0EA0067F04A /* ProgressView.swift */; };
/* End PBXBuildFile section */

/* Begin PBXFileReference section */
		122ACD8C13871E33D29324F1 /* Pods-VSWeiboCircle.debug.xcconfig */ = {isa = PBXFileReference; includeInIndex = 1; lastKnownFileType = text.xcconfig; name = "Pods-VSWeiboCircle.debug.xcconfig"; path = "Pods/Target Support Files/Pods-VSWeiboCircle/Pods-VSWeiboCircle.debug.xcconfig"; sourceTree = "<group>"; };
		DC88687CC8CF01E0BEBBCD52 /* Pods_VSWeiboCircle.framework */ = {isa = PBXFileReference; explicitFileType = wrapper.framework; includeInIndex = 0; path = Pods_VSWeiboCircle.framework; sourceTree = BUILT_PRODUCTS_DIR; };
		E4CDE2B1A9274B4FC786D1CB /* Pods-VSWeiboCircle.release.xcconfig */ = {isa = PBXFileReference; includeInIndex = 1; lastKnownFileType = text.xcconfig; name = "Pods-VSWeiboCircle.release.xcconfig"; path = "Pods/Target Support Files/Pods-VSWeiboCircle/Pods-VSWeiboCircle.release.xcconfig"; sourceTree = "<group>"; };
		F43A1E261E07ACAD005035F7 /* FindEmoticon.swift */ = {isa = PBXFileReference; fileEncoding = 4; lastKnownFileType = sourcecode.swift; path = FindEmoticon.swift; sourceTree = "<group>"; };
		F43A1E291E07C9D3005035F7 /* PhotoBrowserController.swift */ = {isa = PBXFileReference; fileEncoding = 4; lastKnownFileType = sourcecode.swift; path = PhotoBrowserController.swift; sourceTree = "<group>"; };
		F440105C1DF6B57500028357 /* PopoverViewController.swift */ = {isa = PBXFileReference; fileEncoding = 4; lastKnownFileType = sourcecode.swift; path = PopoverViewController.swift; sourceTree = "<group>"; };
		F440105D1DF6B57500028357 /* PopoverViewController.xib */ = {isa = PBXFileReference; fileEncoding = 4; lastKnownFileType = file.xib; path = PopoverViewController.xib; sourceTree = "<group>"; };
		F44010601DF79C9500028357 /* VSPresentController.swift */ = {isa = PBXFileReference; fileEncoding = 4; lastKnownFileType = sourcecode.swift; path = VSPresentController.swift; sourceTree = "<group>"; };
		F44010621DF7B94500028357 /* PopoverAnimator.swift */ = {isa = PBXFileReference; fileEncoding = 4; lastKnownFileType = sourcecode.swift; path = PopoverAnimator.swift; sourceTree = "<group>"; };
		F44010641DF7EEF800028357 /* VSNetworkTools.swift */ = {isa = PBXFileReference; fileEncoding = 4; lastKnownFileType = sourcecode.swift; path = VSNetworkTools.swift; sourceTree = "<group>"; };
		F44010671DF816E900028357 /* OAuthViewController.swift */ = {isa = PBXFileReference; fileEncoding = 4; lastKnownFileType = sourcecode.swift; path = OAuthViewController.swift; sourceTree = "<group>"; };
		F44010681DF816E900028357 /* OAuthViewController.xib */ = {isa = PBXFileReference; fileEncoding = 4; lastKnownFileType = file.xib; path = OAuthViewController.xib; sourceTree = "<group>"; };
		F440106B1DF9431A00028357 /* Common.swift */ = {isa = PBXFileReference; fileEncoding = 4; lastKnownFileType = sourcecode.swift; path = Common.swift; sourceTree = "<group>"; };
		F440106D1DF94CE100028357 /* UserAccount.swift */ = {isa = PBXFileReference; fileEncoding = 4; lastKnownFileType = sourcecode.swift; path = UserAccount.swift; sourceTree = "<group>"; };
		F440106F1DFA5A0D00028357 /* UserAccountViewModel.swift */ = {isa = PBXFileReference; fileEncoding = 4; lastKnownFileType = sourcecode.swift; path = UserAccountViewModel.swift; sourceTree = "<group>"; };
		F44010721DFAA7A400028357 /* WelcomeViewController.swift */ = {isa = PBXFileReference; fileEncoding = 4; lastKnownFileType = sourcecode.swift; path = WelcomeViewController.swift; sourceTree = "<group>"; };
		F44010731DFAA7A400028357 /* WelcomeViewController.xib */ = {isa = PBXFileReference; fileEncoding = 4; lastKnownFileType = file.xib; path = WelcomeViewController.xib; sourceTree = "<group>"; };
		F44010771DFBEA7100028357 /* Status.swift */ = {isa = PBXFileReference; fileEncoding = 4; lastKnownFileType = sourcecode.swift; path = Status.swift; sourceTree = "<group>"; };
		F44010791DFCF67000028357 /* NSData+Extension.swift */ = {isa = PBXFileReference; fileEncoding = 4; lastKnownFileType = sourcecode.swift; path = "NSData+Extension.swift"; sourceTree = "<group>"; };
		F440107B1DFD225200028357 /* User.swift */ = {isa = PBXFileReference; fileEncoding = 4; lastKnownFileType = sourcecode.swift; path = User.swift; sourceTree = "<group>"; };
		F440107D1DFD27CF00028357 /* StatusViewModel.swift */ = {isa = PBXFileReference; fileEncoding = 4; lastKnownFileType = sourcecode.swift; path = StatusViewModel.swift; sourceTree = "<group>"; };
		F440107F1DFD336300028357 /* HomeCell.swift */ = {isa = PBXFileReference; fileEncoding = 4; lastKnownFileType = sourcecode.swift; path = HomeCell.swift; sourceTree = "<group>"; };
		F440108C1DFE4BD900028357 /* PicCollectionView.swift */ = {isa = PBXFileReference; fileEncoding = 4; lastKnownFileType = sourcecode.swift; path = PicCollectionView.swift; sourceTree = "<group>"; };
		F44010951E00E1F300028357 /* ComposeViewController.swift */ = {isa = PBXFileReference; fileEncoding = 4; lastKnownFileType = sourcecode.swift; path = ComposeViewController.swift; sourceTree = "<group>"; };
		F44010961E00E1F300028357 /* ComposeViewController.xib */ = {isa = PBXFileReference; fileEncoding = 4; lastKnownFileType = file.xib; path = ComposeViewController.xib; sourceTree = "<group>"; };
		F44010991E00E94100028357 /* ComposeTitleView.swift */ = {isa = PBXFileReference; fileEncoding = 4; lastKnownFileType = sourcecode.swift; path = ComposeTitleView.swift; sourceTree = "<group>"; };
		F440109B1E00EDA000028357 /* ComposeTextView.swift */ = {isa = PBXFileReference; fileEncoding = 4; lastKnownFileType = sourcecode.swift; path = ComposeTextView.swift; sourceTree = "<group>"; };
		F440109E1E012F1E00028357 /* PicPickerCollectionView.swift */ = {isa = PBXFileReference; fileEncoding = 4; lastKnownFileType = sourcecode.swift; path = PicPickerCollectionView.swift; sourceTree = "<group>"; };
		F44010A11E0150A000028357 /* PickerViewCell.swift */ = {isa = PBXFileReference; fileEncoding = 4; lastKnownFileType = sourcecode.swift; path = PickerViewCell.swift; sourceTree = "<group>"; };
		F44010A21E0150A000028357 /* PickerViewCell.xib */ = {isa = PBXFileReference; fileEncoding = 4; lastKnownFileType = file.xib; path = PickerViewCell.xib; sourceTree = "<group>"; };
		F452B9861E03980F004E3C7E /* EmioticonViewCell.swift */ = {isa = PBXFileReference; fileEncoding = 4; lastKnownFileType = sourcecode.swift; path = EmioticonViewCell.swift; sourceTree = "<group>"; };
		F452B9881E0668F3004E3C7E /* UITextView+Extension.swift */ = {isa = PBXFileReference; fileEncoding = 4; lastKnownFileType = sourcecode.swift; path = "UITextView+Extension.swift"; sourceTree = "<group>"; };
		F47585C01DF15BAA008F084D /* VSWeiboCircle.app */ = {isa = PBXFileReference; explicitFileType = wrapper.application; includeInIndex = 0; path = VSWeiboCircle.app; sourceTree = BUILT_PRODUCTS_DIR; };
		F47585C31DF15BAA008F084D /* AppDelegate.swift */ = {isa = PBXFileReference; lastKnownFileType = sourcecode.swift; path = AppDelegate.swift; sourceTree = "<group>"; };
		F47585C81DF15BAA008F084D /* Base */ = {isa = PBXFileReference; lastKnownFileType = file.storyboard; name = Base; path = Base.lproj/Main.storyboard; sourceTree = "<group>"; };
		F47585CA1DF15BAA008F084D /* Assets.xcassets */ = {isa = PBXFileReference; lastKnownFileType = folder.assetcatalog; path = Assets.xcassets; sourceTree = "<group>"; };
		F47585CD1DF15BAA008F084D /* Base */ = {isa = PBXFileReference; lastKnownFileType = file.storyboard; name = Base; path = Base.lproj/LaunchScreen.storyboard; sourceTree = "<group>"; };
		F47585CF1DF15BAA008F084D /* Info.plist */ = {isa = PBXFileReference; lastKnownFileType = text.plist.xml; path = Info.plist; sourceTree = "<group>"; };
		F47585DB1DF161BB008F084D /* MainTabBarController.swift */ = {isa = PBXFileReference; fileEncoding = 4; lastKnownFileType = sourcecode.swift; path = MainTabBarController.swift; sourceTree = "<group>"; };
		F47585DD1DF162AD008F084D /* HomeViewController.swift */ = {isa = PBXFileReference; fileEncoding = 4; lastKnownFileType = sourcecode.swift; path = HomeViewController.swift; sourceTree = "<group>"; };
		F47585DF1DF162C2008F084D /* MessageViewController.swift */ = {isa = PBXFileReference; fileEncoding = 4; lastKnownFileType = sourcecode.swift; path = MessageViewController.swift; sourceTree = "<group>"; };
		F47585E11DF162D2008F084D /* DiscoverViewController.swift */ = {isa = PBXFileReference; fileEncoding = 4; lastKnownFileType = sourcecode.swift; path = DiscoverViewController.swift; sourceTree = "<group>"; };
		F47585E51DF2A189008F084D /* MainVCSettings.json */ = {isa = PBXFileReference; fileEncoding = 4; lastKnownFileType = text.json; path = MainVCSettings.json; sourceTree = "<group>"; };
		F47586001DF53BC8008F084D /* Base */ = {isa = PBXFileReference; lastKnownFileType = file.storyboard; name = Base; path = Base.lproj/Message.storyboard; sourceTree = "<group>"; };
		F475860A1DF53EDF008F084D /* Base */ = {isa = PBXFileReference; lastKnownFileType = file.storyboard; name = Base; path = Base.lproj/Home.storyboard; sourceTree = "<group>"; };
		F475860D1DF53EE5008F084D /* Base */ = {isa = PBXFileReference; lastKnownFileType = file.storyboard; name = Base; path = Base.lproj/Addition.storyboard; sourceTree = "<group>"; };
		F475860F1DF53F20008F084D /* zh-Hans */ = {isa = PBXFileReference; lastKnownFileType = text.plist.strings; name = "zh-Hans"; path = "zh-Hans.lproj/Addition.strings"; sourceTree = "<group>"; };
		F47586101DF53F20008F084D /* zh-Hans */ = {isa = PBXFileReference; lastKnownFileType = text.plist.strings; name = "zh-Hans"; path = "zh-Hans.lproj/Home.strings"; sourceTree = "<group>"; };
		F47586111DF53F20008F084D /* zh-Hans */ = {isa = PBXFileReference; lastKnownFileType = text.plist.strings; name = "zh-Hans"; path = "zh-Hans.lproj/Message.strings"; sourceTree = "<group>"; };
		F47586131DF53F46008F084D /* Base */ = {isa = PBXFileReference; lastKnownFileType = file.storyboard; name = Base; path = Base.lproj/Discover.storyboard; sourceTree = "<group>"; };
		F47586161DF53F48008F084D /* zh-Hans */ = {isa = PBXFileReference; lastKnownFileType = text.plist.strings; name = "zh-Hans"; path = "zh-Hans.lproj/Discover.strings"; sourceTree = "<group>"; };
		F47586171DF5402B008F084D /* en */ = {isa = PBXFileReference; lastKnownFileType = text.plist.strings; name = en; path = en.lproj/Message.strings; sourceTree = "<group>"; };
		F47586181DF5402B008F084D /* en */ = {isa = PBXFileReference; lastKnownFileType = text.plist.strings; name = en; path = en.lproj/Addition.strings; sourceTree = "<group>"; };
		F47586191DF5402B008F084D /* en */ = {isa = PBXFileReference; lastKnownFileType = text.plist.strings; name = en; path = en.lproj/Home.strings; sourceTree = "<group>"; };
		F475861A1DF5402B008F084D /* en */ = {isa = PBXFileReference; lastKnownFileType = text.plist.strings; name = en; path = en.lproj/Discover.strings; sourceTree = "<group>"; };
		F475861C1DF54A19008F084D /* UIButton+Extension.swift */ = {isa = PBXFileReference; fileEncoding = 4; lastKnownFileType = sourcecode.swift; path = "UIButton+Extension.swift"; sourceTree = "<group>"; };
		F475862B1DF59FF8008F084D /* BaseViewController.swift */ = {isa = PBXFileReference; fileEncoding = 4; lastKnownFileType = sourcecode.swift; path = BaseViewController.swift; sourceTree = "<group>"; };
		F475862D1DF5A17E008F084D /* VisitorView.swift */ = {isa = PBXFileReference; fileEncoding = 4; lastKnownFileType = sourcecode.swift; path = VisitorView.swift; sourceTree = "<group>"; };
		F475862F1DF5A191008F084D /* VisitorView.xib */ = {isa = PBXFileReference; fileEncoding = 4; lastKnownFileType = file.xib; path = VisitorView.xib; sourceTree = "<group>"; };
		F475863A1DF5AA3E008F084D /* Profile.storyboard */ = {isa = PBXFileReference; fileEncoding = 4; lastKnownFileType = file.storyboard; path = Profile.storyboard; sourceTree = "<group>"; };
		F475863C1DF5AAA2008F084D /* ProfileViewController.swift */ = {isa = PBXFileReference; fileEncoding = 4; lastKnownFileType = sourcecode.swift; path = ProfileViewController.swift; sourceTree = "<group>"; };
		F475863E1DF65E97008F084D /* UIBarButtonItem+Extension.swift */ = {isa = PBXFileReference; fileEncoding = 4; lastKnownFileType = sourcecode.swift; path = "UIBarButtonItem+Extension.swift"; sourceTree = "<group>"; };
		F47586401DF66AD1008F084D /* TitleButton.swift */ = {isa = PBXFileReference; fileEncoding = 4; lastKnownFileType = sourcecode.swift; path = TitleButton.swift; sourceTree = "<group>"; };
		F482ADB41E07D4E800613430 /* PhotoBrowserViewCell.swift */ = {isa = PBXFileReference; fileEncoding = 4; lastKnownFileType = sourcecode.swift; path = PhotoBrowserViewCell.swift; sourceTree = "<group>"; };
		F4A280851E03825B00F60443 /* Emoticons.bundle */ = {isa = PBXFileReference; lastKnownFileType = "wrapper.plug-in"; path = Emoticons.bundle; sourceTree = "<group>"; };
		F4A280881E03835600F60443 /* EmoticonManager.swift */ = {isa = PBXFileReference; fileEncoding = 4; lastKnownFileType = sourcecode.swift; path = EmoticonManager.swift; sourceTree = "<group>"; };
		F4A2808A1E03839200F60443 /* EmoticonPackage.swift */ = {isa = PBXFileReference; fileEncoding = 4; lastKnownFileType = sourcecode.swift; path = EmoticonPackage.swift; sourceTree = "<group>"; };
		F4A2808C1E0383AC00F60443 /* Emoticon.swift */ = {isa = PBXFileReference; fileEncoding = 4; lastKnownFileType = sourcecode.swift; path = Emoticon.swift; sourceTree = "<group>"; };
		F4D2C5E11E028D4200412A95 /* EmoticonController.swift */ = {isa = PBXFileReference; fileEncoding = 4; lastKnownFileType = sourcecode.swift; path = EmoticonController.swift; sourceTree = "<group>"; };
		F4DC4F871E07E0EA0067F04A /* ProgressView.swift */ = {isa = PBXFileReference; fileEncoding = 4; lastKnownFileType = sourcecode.swift; path = ProgressView.swift; sourceTree = "<group>"; };
/* End PBXFileReference section */

/* Begin PBXFrameworksBuildPhase section */
		F47585BD1DF15BAA008F084D /* Frameworks */ = {
			isa = PBXFrameworksBuildPhase;
			buildActionMask = 2147483647;
			files = (
				5E89A73D023ADB363D19968D /* Pods_VSWeiboCircle.framework in Frameworks */,
			);
			runOnlyForDeploymentPostprocessing = 0;
		};
/* End PBXFrameworksBuildPhase section */

/* Begin PBXGroup section */
		3FE42CD528D2A44B16621F40 /* Frameworks */ = {
			isa = PBXGroup;
			children = (
				DC88687CC8CF01E0BEBBCD52 /* Pods_VSWeiboCircle.framework */,
			);
			name = Frameworks;
			sourceTree = "<group>";
		};
		BB0EA95EA65D433E1F2CE910 /* Pods */ = {
			isa = PBXGroup;
			children = (
				122ACD8C13871E33D29324F1 /* Pods-VSWeiboCircle.debug.xcconfig */,
				E4CDE2B1A9274B4FC786D1CB /* Pods-VSWeiboCircle.release.xcconfig */,
			);
			name = Pods;
			sourceTree = "<group>";
		};
		F43A1E281E07C9B3005035F7 /* PhotoLib */ = {
			isa = PBXGroup;
			children = (
				F43A1E291E07C9D3005035F7 /* PhotoBrowserController.swift */,
				F482ADB41E07D4E800613430 /* PhotoBrowserViewCell.swift */,
				F4DC4F871E07E0EA0067F04A /* ProgressView.swift */,
			);
			path = PhotoLib;
			sourceTree = "<group>";
		};
		F440105B1DF6B53E00028357 /* Popover */ = {
			isa = PBXGroup;
			children = (
				F440105C1DF6B57500028357 /* PopoverViewController.swift */,
				F440105D1DF6B57500028357 /* PopoverViewController.xib */,
				F44010601DF79C9500028357 /* VSPresentController.swift */,
				F44010621DF7B94500028357 /* PopoverAnimator.swift */,
			);
			path = Popover;
			sourceTree = "<group>";
		};
		F44010661DF816B500028357 /* OAuth */ = {
			isa = PBXGroup;
			children = (
				F44010671DF816E900028357 /* OAuthViewController.swift */,
				F440106D1DF94CE100028357 /* UserAccount.swift */,
				F440106F1DFA5A0D00028357 /* UserAccountViewModel.swift */,
				F44010681DF816E900028357 /* OAuthViewController.xib */,
			);
			path = OAuth;
			sourceTree = "<group>";
		};
		F44010711DFAA78400028357 /* Welcome */ = {
			isa = PBXGroup;
			children = (
				F44010721DFAA7A400028357 /* WelcomeViewController.swift */,
				F44010731DFAA7A400028357 /* WelcomeViewController.xib */,
			);
			path = Welcome;
			sourceTree = "<group>";
		};
		F44010761DFBEA0200028357 /* HomeModel */ = {
			isa = PBXGroup;
			children = (
				F44010771DFBEA7100028357 /* Status.swift */,
				F440107B1DFD225200028357 /* User.swift */,
				F440107D1DFD27CF00028357 /* StatusViewModel.swift */,
			);
			path = HomeModel;
			sourceTree = "<group>";
		};
		F440109D1E012EF600028357 /* picturePick */ = {
			isa = PBXGroup;
			children = (
				F440109E1E012F1E00028357 /* PicPickerCollectionView.swift */,
				F44010A11E0150A000028357 /* PickerViewCell.swift */,
				F44010A21E0150A000028357 /* PickerViewCell.xib */,
			);
			path = picturePick;
			sourceTree = "<group>";
		};
		F47585B71DF15BAA008F084D = {
			isa = PBXGroup;
			children = (
				F47585C21DF15BAA008F084D /* VSWeiboCircle */,
				F47585C11DF15BAA008F084D /* Products */,
				BB0EA95EA65D433E1F2CE910 /* Pods */,
				3FE42CD528D2A44B16621F40 /* Frameworks */,
			);
			sourceTree = "<group>";
		};
		F47585C11DF15BAA008F084D /* Products */ = {
			isa = PBXGroup;
			children = (
				F47585C01DF15BAA008F084D /* VSWeiboCircle.app */,
			);
			name = Products;
			sourceTree = "<group>";
		};
		F47585C21DF15BAA008F084D /* VSWeiboCircle */ = {
			isa = PBXGroup;
			children = (
				F47585D51DF15FCE008F084D /* Classes */,
				F47585C31DF15BAA008F084D /* AppDelegate.swift */,
				F47585C71DF15BAA008F084D /* Main.storyboard */,
				F47585CA1DF15BAA008F084D /* Assets.xcassets */,
				F47585CC1DF15BAA008F084D /* LaunchScreen.storyboard */,
				F47585CF1DF15BAA008F084D /* Info.plist */,
			);
			path = VSWeiboCircle;
			sourceTree = "<group>";
		};
		F47585D51DF15FCE008F084D /* Classes */ = {
			isa = PBXGroup;
			children = (
				F47585D81DF15FCE008F084D /* Main */,
				F47585D71DF15FCE008F084D /* Home */,
				F47585D91DF15FCE008F084D /* Message */,
				F47585D61DF15FCE008F084D /* Discover */,
				F47585DA1DF15FCE008F084D /* Profile */,
				F475861B1DF5499B008F084D /* Tools */,
			);
			path = Classes;
			sourceTree = "<group>";
		};
		F47585D61DF15FCE008F084D /* Discover */ = {
			isa = PBXGroup;
			children = (
				F47586141DF53F46008F084D /* Discover.storyboard */,
				F47585E11DF162D2008F084D /* DiscoverViewController.swift */,
			);
			path = Discover;
			sourceTree = "<group>";
		};
		F47585D71DF15FCE008F084D /* Home */ = {
			isa = PBXGroup;
			children = (
				F43A1E281E07C9B3005035F7 /* PhotoLib */,
				F44010761DFBEA0200028357 /* HomeModel */,
				F475860B1DF53EDF008F084D /* Home.storyboard */,
				F47585DD1DF162AD008F084D /* HomeViewController.swift */,
				F440107F1DFD336300028357 /* HomeCell.swift */,
				F440108C1DFE4BD900028357 /* PicCollectionView.swift */,
			);
			path = Home;
			sourceTree = "<group>";
		};
		F47585D81DF15FCE008F084D /* Main */ = {
			isa = PBXGroup;
			children = (
				F44010711DFAA78400028357 /* Welcome */,
				F44010661DF816B500028357 /* OAuth */,
				F440105B1DF6B53E00028357 /* Popover */,
				F475862A1DF59FBC008F084D /* Visitor */,
				F475860E1DF53EE5008F084D /* Addition.storyboard */,
				F440109D1E012EF600028357 /* picturePick */,
				F47585E51DF2A189008F084D /* MainVCSettings.json */,
				F47585DB1DF161BB008F084D /* MainTabBarController.swift */,
				F44010951E00E1F300028357 /* ComposeViewController.swift */,
				F44010991E00E94100028357 /* ComposeTitleView.swift */,
				F440109B1E00EDA000028357 /* ComposeTextView.swift */,
				F44010961E00E1F300028357 /* ComposeViewController.xib */,
			);
			path = Main;
			sourceTree = "<group>";
		};
		F47585D91DF15FCE008F084D /* Message */ = {
			isa = PBXGroup;
			children = (
				F47585FF1DF53BC4008F084D /* Message.storyboard */,
				F47585DF1DF162C2008F084D /* MessageViewController.swift */,
			);
			path = Message;
			sourceTree = "<group>";
		};
		F47585DA1DF15FCE008F084D /* Profile */ = {
			isa = PBXGroup;
			children = (
				F475863A1DF5AA3E008F084D /* Profile.storyboard */,
				F475863C1DF5AAA2008F084D /* ProfileViewController.swift */,
			);
			path = Profile;
			sourceTree = "<group>";
		};
		F475861B1DF5499B008F084D /* Tools */ = {
			isa = PBXGroup;
			children = (
				F4D2C5E01E028D2100412A95 /* Emoticon */,
				F475861C1DF54A19008F084D /* UIButton+Extension.swift */,
				F47586401DF66AD1008F084D /* TitleButton.swift */,
				F475863E1DF65E97008F084D /* UIBarButtonItem+Extension.swift */,
				F44010641DF7EEF800028357 /* VSNetworkTools.swift */,
				F440106B1DF9431A00028357 /* Common.swift */,
				F44010791DFCF67000028357 /* NSData+Extension.swift */,
			);
			path = Tools;
			sourceTree = "<group>";
		};
		F475862A1DF59FBC008F084D /* Visitor */ = {
			isa = PBXGroup;
			children = (
				F475862B1DF59FF8008F084D /* BaseViewController.swift */,
				F475862D1DF5A17E008F084D /* VisitorView.swift */,
				F475862F1DF5A191008F084D /* VisitorView.xib */,
			);
			path = Visitor;
			sourceTree = "<group>";
		};
		F4A280871E03834000F60443 /* Model */ = {
			isa = PBXGroup;
			children = (
				F4A280881E03835600F60443 /* EmoticonManager.swift */,
				F4A2808A1E03839200F60443 /* EmoticonPackage.swift */,
				F4A2808C1E0383AC00F60443 /* Emoticon.swift */,
			);
			path = Model;
			sourceTree = "<group>";
		};
		F4D2C5E01E028D2100412A95 /* Emoticon */ = {
			isa = PBXGroup;
			children = (
				F4A280871E03834000F60443 /* Model */,
				F4A280851E03825B00F60443 /* Emoticons.bundle */,
				F4D2C5E11E028D4200412A95 /* EmoticonController.swift */,
				F452B9861E03980F004E3C7E /* EmioticonViewCell.swift */,
				F452B9881E0668F3004E3C7E /* UITextView+Extension.swift */,
				F43A1E261E07ACAD005035F7 /* FindEmoticon.swift */,
			);
			path = Emoticon;
			sourceTree = "<group>";
		};
/* End PBXGroup section */

/* Begin PBXNativeTarget section */
		F47585BF1DF15BAA008F084D /* VSWeiboCircle */ = {
			isa = PBXNativeTarget;
			buildConfigurationList = F47585D21DF15BAA008F084D /* Build configuration list for PBXNativeTarget "VSWeiboCircle" */;
			buildPhases = (
				7B0BF917BCA9A23646880E72 /* [CP] Check Pods Manifest.lock */,
				F47585BC1DF15BAA008F084D /* Sources */,
				F47585BD1DF15BAA008F084D /* Frameworks */,
				F47585BE1DF15BAA008F084D /* Resources */,
				C6EA55D768B5FAD738CCEB6C /* [CP] Embed Pods Frameworks */,
				40F38613C1DD0484D7028924 /* [CP] Copy Pods Resources */,
			);
			buildRules = (
			);
			dependencies = (
			);
			name = VSWeiboCircle;
			productName = VSWeiboCircle;
			productReference = F47585C01DF15BAA008F084D /* VSWeiboCircle.app */;
			productType = "com.apple.product-type.application";
		};
/* End PBXNativeTarget section */

/* Begin PBXProject section */
		F47585B81DF15BAA008F084D /* Project object */ = {
			isa = PBXProject;
			attributes = {
				LastSwiftUpdateCheck = 0810;
				LastUpgradeCheck = 0810;
				ORGANIZATIONNAME = Vesperlynd;
				TargetAttributes = {
					F47585BF1DF15BAA008F084D = {
						CreatedOnToolsVersion = 8.1;
						DevelopmentTeam = 2VKY6QPH98;
						ProvisioningStyle = Automatic;
					};
				};
			};
			buildConfigurationList = F47585BB1DF15BAA008F084D /* Build configuration list for PBXProject "VSWeiboCircle" */;
			compatibilityVersion = "Xcode 3.2";
			developmentRegion = English;
			hasScannedForEncodings = 0;
			knownRegions = (
				Base,
				"zh-Hans",
				en,
			);
			mainGroup = F47585B71DF15BAA008F084D;
			productRefGroup = F47585C11DF15BAA008F084D /* Products */;
			projectDirPath = "";
			projectRoot = "";
			targets = (
				F47585BF1DF15BAA008F084D /* VSWeiboCircle */,
			);
		};
/* End PBXProject section */

/* Begin PBXResourcesBuildPhase section */
		F47585BE1DF15BAA008F084D /* Resources */ = {
			isa = PBXResourcesBuildPhase;
			buildActionMask = 2147483647;
			files = (
				F47585CE1DF15BAA008F084D /* LaunchScreen.storyboard in Resources */,
				F47586301DF5A191008F084D /* VisitorView.xib in Resources */,
				F475863B1DF5AA3E008F084D /* Profile.storyboard in Resources */,
				F44010751DFAA7A400028357 /* WelcomeViewController.xib in Resources */,
				F47585CB1DF15BAA008F084D /* Assets.xcassets in Resources */,
				F440106A1DF816E900028357 /* OAuthViewController.xib in Resources */,
				F47585E61DF2A189008F084D /* MainVCSettings.json in Resources */,
				F475860C1DF53EE5008F084D /* Addition.storyboard in Resources */,
				F440105F1DF6B57500028357 /* PopoverViewController.xib in Resources */,
				F4A280861E03825B00F60443 /* Emoticons.bundle in Resources */,
				F47585FD1DF53BC4008F084D /* Message.storyboard in Resources */,
				F44010A41E0150A000028357 /* PickerViewCell.xib in Resources */,
				F47586121DF53F46008F084D /* Discover.storyboard in Resources */,
				F44010981E00E1F300028357 /* ComposeViewController.xib in Resources */,
				F47585C91DF15BAA008F084D /* Main.storyboard in Resources */,
				F47586091DF53EDF008F084D /* Home.storyboard in Resources */,
			);
			runOnlyForDeploymentPostprocessing = 0;
		};
/* End PBXResourcesBuildPhase section */

/* Begin PBXShellScriptBuildPhase section */
		40F38613C1DD0484D7028924 /* [CP] Copy Pods Resources */ = {
			isa = PBXShellScriptBuildPhase;
			buildActionMask = 2147483647;
			files = (
			);
			inputPaths = (
			);
			name = "[CP] Copy Pods Resources";
			outputPaths = (
			);
			runOnlyForDeploymentPostprocessing = 0;
			shellPath = /bin/sh;
			shellScript = "\"${SRCROOT}/Pods/Target Support Files/Pods-VSWeiboCircle/Pods-VSWeiboCircle-resources.sh\"\n";
			showEnvVarsInLog = 0;
		};
		7B0BF917BCA9A23646880E72 /* [CP] Check Pods Manifest.lock */ = {
			isa = PBXShellScriptBuildPhase;
			buildActionMask = 2147483647;
			files = (
			);
			inputPaths = (
			);
			name = "[CP] Check Pods Manifest.lock";
			outputPaths = (
			);
			runOnlyForDeploymentPostprocessing = 0;
			shellPath = /bin/sh;
			shellScript = "diff \"${PODS_ROOT}/../Podfile.lock\" \"${PODS_ROOT}/Manifest.lock\" > /dev/null\nif [ $? != 0 ] ; then\n    # print error to STDERR\n    echo \"error: The sandbox is not in sync with the Podfile.lock. Run 'pod install' or update your CocoaPods installation.\" >&2\n    exit 1\nfi\n";
			showEnvVarsInLog = 0;
		};
		C6EA55D768B5FAD738CCEB6C /* [CP] Embed Pods Frameworks */ = {
			isa = PBXShellScriptBuildPhase;
			buildActionMask = 2147483647;
			files = (
			);
			inputPaths = (
			);
			name = "[CP] Embed Pods Frameworks";
			outputPaths = (
			);
			runOnlyForDeploymentPostprocessing = 0;
			shellPath = /bin/sh;
			shellScript = "\"${SRCROOT}/Pods/Target Support Files/Pods-VSWeiboCircle/Pods-VSWeiboCircle-frameworks.sh\"\n";
			showEnvVarsInLog = 0;
		};
/* End PBXShellScriptBuildPhase section */

/* Begin PBXSourcesBuildPhase section */
		F47585BC1DF15BAA008F084D /* Sources */ = {
			isa = PBXSourcesBuildPhase;
			buildActionMask = 2147483647;
			files = (
				F440106C1DF9431A00028357 /* Common.swift in Sources */,
				F44010741DFAA7A400028357 /* WelcomeViewController.swift in Sources */,
				F44010781DFBEA7100028357 /* Status.swift in Sources */,
				F440109F1E012F1E00028357 /* PicPickerCollectionView.swift in Sources */,
				F47585DC1DF161BB008F084D /* MainTabBarController.swift in Sources */,
				F440109A1E00E94100028357 /* ComposeTitleView.swift in Sources */,
				F482ADB51E07D4E800613430 /* PhotoBrowserViewCell.swift in Sources */,
				F452B9891E0668F3004E3C7E /* UITextView+Extension.swift in Sources */,
				F4A2808D1E0383AC00F60443 /* Emoticon.swift in Sources */,
				F440106E1DF94CE100028357 /* UserAccount.swift in Sources */,
				F47585C41DF15BAA008F084D /* AppDelegate.swift in Sources */,
				F475863F1DF65E97008F084D /* UIBarButtonItem+Extension.swift in Sources */,
				F44010701DFA5A0D00028357 /* UserAccountViewModel.swift in Sources */,
				F47585E01DF162C2008F084D /* MessageViewController.swift in Sources */,
				F44010971E00E1F300028357 /* ComposeViewController.swift in Sources */,
				F4DC4F881E07E0EA0067F04A /* ProgressView.swift in Sources */,
				F4A280891E03835600F60443 /* EmoticonManager.swift in Sources */,
				F44010691DF816E900028357 /* OAuthViewController.swift in Sources */,
				F440105E1DF6B57500028357 /* PopoverViewController.swift in Sources */,
				F47586411DF66AD1008F084D /* TitleButton.swift in Sources */,
				F440107A1DFCF67000028357 /* NSData+Extension.swift in Sources */,
				F44010611DF79C9500028357 /* VSPresentController.swift in Sources */,
				F43A1E271E07ACAD005035F7 /* FindEmoticon.swift in Sources */,
				F440109C1E00EDA000028357 /* ComposeTextView.swift in Sources */,
				F44010801DFD336300028357 /* HomeCell.swift in Sources */,
				F47585DE1DF162AD008F084D /* HomeViewController.swift in Sources */,
				F44010631DF7B94500028357 /* PopoverAnimator.swift in Sources */,
				F4D2C5E21E028D4200412A95 /* EmoticonController.swift in Sources */,
				F44010A31E0150A000028357 /* PickerViewCell.swift in Sources */,
				F440107E1DFD27CF00028357 /* StatusViewModel.swift in Sources */,
				F44010651DF7EEF800028357 /* VSNetworkTools.swift in Sources */,
				F440108D1DFE4BD900028357 /* PicCollectionView.swift in Sources */,
				F475862C1DF59FF8008F084D /* BaseViewController.swift in Sources */,
				F475862E1DF5A17E008F084D /* VisitorView.swift in Sources */,
				F475863D1DF5AAA2008F084D /* ProfileViewController.swift in Sources */,
				F47585E21DF162D2008F084D /* DiscoverViewController.swift in Sources */,
				F452B9871E03980F004E3C7E /* EmioticonViewCell.swift in Sources */,
				F43A1E2A1E07C9D3005035F7 /* PhotoBrowserController.swift in Sources */,
				F475861D1DF54A19008F084D /* UIButton+Extension.swift in Sources */,
				F4A2808B1E03839200F60443 /* EmoticonPackage.swift in Sources */,
				F440107C1DFD225200028357 /* User.swift in Sources */,
			);
			runOnlyForDeploymentPostprocessing = 0;
		};
/* End PBXSourcesBuildPhase section */

/* Begin PBXVariantGroup section */
		F47585C71DF15BAA008F084D /* Main.storyboard */ = {
			isa = PBXVariantGroup;
			children = (
				F47585C81DF15BAA008F084D /* Base */,
			);
			name = Main.storyboard;
			sourceTree = "<group>";
		};
		F47585CC1DF15BAA008F084D /* LaunchScreen.storyboard */ = {
			isa = PBXVariantGroup;
			children = (
				F47585CD1DF15BAA008F084D /* Base */,
			);
			name = LaunchScreen.storyboard;
			sourceTree = "<group>";
		};
		F47585FF1DF53BC4008F084D /* Message.storyboard */ = {
			isa = PBXVariantGroup;
			children = (
				F47586001DF53BC8008F084D /* Base */,
				F47586111DF53F20008F084D /* zh-Hans */,
				F47586171DF5402B008F084D /* en */,
			);
			name = Message.storyboard;
			sourceTree = "<group>";
		};
		F475860B1DF53EDF008F084D /* Home.storyboard */ = {
			isa = PBXVariantGroup;
			children = (
				F475860A1DF53EDF008F084D /* Base */,
				F47586101DF53F20008F084D /* zh-Hans */,
				F47586191DF5402B008F084D /* en */,
			);
			name = Home.storyboard;
			sourceTree = "<group>";
		};
		F475860E1DF53EE5008F084D /* Addition.storyboard */ = {
			isa = PBXVariantGroup;
			children = (
				F475860D1DF53EE5008F084D /* Base */,
				F475860F1DF53F20008F084D /* zh-Hans */,
				F47586181DF5402B008F084D /* en */,
			);
			name = Addition.storyboard;
			sourceTree = "<group>";
		};
		F47586141DF53F46008F084D /* Discover.storyboard */ = {
			isa = PBXVariantGroup;
			children = (
				F47586131DF53F46008F084D /* Base */,
				F47586161DF53F48008F084D /* zh-Hans */,
				F475861A1DF5402B008F084D /* en */,
			);
			name = Discover.storyboard;
			sourceTree = "<group>";
		};
/* End PBXVariantGroup section */

/* Begin XCBuildConfiguration section */
		F47585D01DF15BAA008F084D /* Debug */ = {
			isa = XCBuildConfiguration;
			buildSettings = {
				ALWAYS_SEARCH_USER_PATHS = NO;
				CLANG_ANALYZER_LOCALIZABILITY_NONLOCALIZED = YES;
				CLANG_ANALYZER_NONNULL = YES;
				CLANG_CXX_LANGUAGE_STANDARD = "gnu++0x";
				CLANG_CXX_LIBRARY = "libc++";
				CLANG_ENABLE_MODULES = YES;
				CLANG_ENABLE_OBJC_ARC = YES;
				CLANG_WARN_BOOL_CONVERSION = YES;
				CLANG_WARN_CONSTANT_CONVERSION = YES;
				CLANG_WARN_DIRECT_OBJC_ISA_USAGE = YES_ERROR;
				CLANG_WARN_DOCUMENTATION_COMMENTS = YES;
				CLANG_WARN_EMPTY_BODY = YES;
				CLANG_WARN_ENUM_CONVERSION = YES;
				CLANG_WARN_INFINITE_RECURSION = YES;
				CLANG_WARN_INT_CONVERSION = YES;
				CLANG_WARN_OBJC_ROOT_CLASS = YES_ERROR;
				CLANG_WARN_SUSPICIOUS_MOVES = YES;
				CLANG_WARN_UNREACHABLE_CODE = YES;
				CLANG_WARN__DUPLICATE_METHOD_MATCH = YES;
				"CODE_SIGN_IDENTITY[sdk=iphoneos*]" = "iPhone Developer";
				COPY_PHASE_STRIP = NO;
				DEBUG_INFORMATION_FORMAT = dwarf;
				ENABLE_STRICT_OBJC_MSGSEND = YES;
				ENABLE_TESTABILITY = YES;
				GCC_C_LANGUAGE_STANDARD = gnu99;
				GCC_DYNAMIC_NO_PIC = NO;
				GCC_NO_COMMON_BLOCKS = YES;
				GCC_OPTIMIZATION_LEVEL = 0;
				GCC_PREPROCESSOR_DEFINITIONS = (
					"DEBUG=1",
					"$(inherited)",
				);
				GCC_WARN_64_TO_32_BIT_CONVERSION = YES;
				GCC_WARN_ABOUT_RETURN_TYPE = YES_ERROR;
				GCC_WARN_UNDECLARED_SELECTOR = YES;
				GCC_WARN_UNINITIALIZED_AUTOS = YES_AGGRESSIVE;
				GCC_WARN_UNUSED_FUNCTION = YES;
				GCC_WARN_UNUSED_VARIABLE = YES;
				IPHONEOS_DEPLOYMENT_TARGET = 10.1;
				MTL_ENABLE_DEBUG_INFO = YES;
				ONLY_ACTIVE_ARCH = YES;
				SDKROOT = iphoneos;
				SWIFT_ACTIVE_COMPILATION_CONDITIONS = DEBUG;
				SWIFT_OPTIMIZATION_LEVEL = "-Onone";
			};
			name = Debug;
		};
		F47585D11DF15BAA008F084D /* Release */ = {
			isa = XCBuildConfiguration;
			buildSettings = {
				ALWAYS_SEARCH_USER_PATHS = NO;
				CLANG_ANALYZER_LOCALIZABILITY_NONLOCALIZED = YES;
				CLANG_ANALYZER_NONNULL = YES;
				CLANG_CXX_LANGUAGE_STANDARD = "gnu++0x";
				CLANG_CXX_LIBRARY = "libc++";
				CLANG_ENABLE_MODULES = YES;
				CLANG_ENABLE_OBJC_ARC = YES;
				CLANG_WARN_BOOL_CONVERSION = YES;
				CLANG_WARN_CONSTANT_CONVERSION = YES;
				CLANG_WARN_DIRECT_OBJC_ISA_USAGE = YES_ERROR;
				CLANG_WARN_DOCUMENTATION_COMMENTS = YES;
				CLANG_WARN_EMPTY_BODY = YES;
				CLANG_WARN_ENUM_CONVERSION = YES;
				CLANG_WARN_INFINITE_RECURSION = YES;
				CLANG_WARN_INT_CONVERSION = YES;
				CLANG_WARN_OBJC_ROOT_CLASS = YES_ERROR;
				CLANG_WARN_SUSPICIOUS_MOVES = YES;
				CLANG_WARN_UNREACHABLE_CODE = YES;
				CLANG_WARN__DUPLICATE_METHOD_MATCH = YES;
				"CODE_SIGN_IDENTITY[sdk=iphoneos*]" = "iPhone Developer";
				COPY_PHASE_STRIP = NO;
				DEBUG_INFORMATION_FORMAT = "dwarf-with-dsym";
				ENABLE_NS_ASSERTIONS = NO;
				ENABLE_STRICT_OBJC_MSGSEND = YES;
				GCC_C_LANGUAGE_STANDARD = gnu99;
				GCC_NO_COMMON_BLOCKS = YES;
				GCC_WARN_64_TO_32_BIT_CONVERSION = YES;
				GCC_WARN_ABOUT_RETURN_TYPE = YES_ERROR;
				GCC_WARN_UNDECLARED_SELECTOR = YES;
				GCC_WARN_UNINITIALIZED_AUTOS = YES_AGGRESSIVE;
				GCC_WARN_UNUSED_FUNCTION = YES;
				GCC_WARN_UNUSED_VARIABLE = YES;
				IPHONEOS_DEPLOYMENT_TARGET = 10.1;
				MTL_ENABLE_DEBUG_INFO = NO;
				SDKROOT = iphoneos;
				SWIFT_OPTIMIZATION_LEVEL = "-Owholemodule";
				VALIDATE_PRODUCT = YES;
			};
			name = Release;
		};
		F47585D31DF15BAA008F084D /* Debug */ = {
			isa = XCBuildConfiguration;
			baseConfigurationReference = 122ACD8C13871E33D29324F1 /* Pods-VSWeiboCircle.debug.xcconfig */;
			buildSettings = {
				ASSETCATALOG_COMPILER_APPICON_NAME = AppIcon;
				ASSETCATALOG_COMPILER_LAUNCHIMAGE_NAME = LaunchImage;
				DEVELOPMENT_TEAM = 2VKY6QPH98;
				INFOPLIST_FILE = VSWeiboCircle/Info.plist;
				IPHONEOS_DEPLOYMENT_TARGET = 9.0;
				LD_RUNPATH_SEARCH_PATHS = "$(inherited) @executable_path/Frameworks";
				PRODUCT_BUNDLE_IDENTIFIER = com.cardInfoLink.VSWeiboCircle;
				PRODUCT_NAME = "$(TARGET_NAME)";
				SWIFT_VERSION = 3.0;
			};
			name = Debug;
		};
		F47585D41DF15BAA008F084D /* Release */ = {
			isa = XCBuildConfiguration;
			baseConfigurationReference = E4CDE2B1A9274B4FC786D1CB /* Pods-VSWeiboCircle.release.xcconfig */;
			buildSettings = {
				ASSETCATALOG_COMPILER_APPICON_NAME = AppIcon;
				ASSETCATALOG_COMPILER_LAUNCHIMAGE_NAME = LaunchImage;
				DEVELOPMENT_TEAM = 2VKY6QPH98;
				INFOPLIST_FILE = VSWeiboCircle/Info.plist;
				IPHONEOS_DEPLOYMENT_TARGET = 9.0;
				LD_RUNPATH_SEARCH_PATHS = "$(inherited) @executable_path/Frameworks";
				PRODUCT_BUNDLE_IDENTIFIER = com.cardInfoLink.VSWeiboCircle;
				PRODUCT_NAME = "$(TARGET_NAME)";
				SWIFT_VERSION = 3.0;
			};
			name = Release;
		};
/* End XCBuildConfiguration section */

/* Begin XCConfigurationList section */
		F47585BB1DF15BAA008F084D /* Build configuration list for PBXProject "VSWeiboCircle" */ = {
			isa = XCConfigurationList;
			buildConfigurations = (
				F47585D01DF15BAA008F084D /* Debug */,
				F47585D11DF15BAA008F084D /* Release */,
			);
			defaultConfigurationIsVisible = 0;
			defaultConfigurationName = Release;
		};
		F47585D21DF15BAA008F084D /* Build configuration list for PBXNativeTarget "VSWeiboCircle" */ = {
			isa = XCConfigurationList;
			buildConfigurations = (
				F47585D31DF15BAA008F084D /* Debug */,
				F47585D41DF15BAA008F084D /* Release */,
			);
			defaultConfigurationIsVisible = 0;
			defaultConfigurationName = Release;
		};
/* End XCConfigurationList section */
	};
	rootObject = F47585B81DF15BAA008F084D /* Project object */;
}
